// !$*UTF8*$!
{
	archiveVersion = 1;
	classes = {
	};
	objectVersion = 56;
	objects = {

/* Begin PBXBuildFile section */
		1645CEDB2BB492DF00AE144A /* AppDelegate.swift in Sources */ = {isa = PBXBuildFile; fileRef = 1645CEDA2BB492DF00AE144A /* AppDelegate.swift */; };
		1645CEDD2BB492DF00AE144A /* SceneDelegate.swift in Sources */ = {isa = PBXBuildFile; fileRef = 1645CEDC2BB492DF00AE144A /* SceneDelegate.swift */; };
		1645CEDF2BB492DF00AE144A /* MainTapBarViewController.swift in Sources */ = {isa = PBXBuildFile; fileRef = 1645CEDE2BB492DF00AE144A /* MainTapBarViewController.swift */; };
		1645CEE42BB492E000AE144A /* Assets.xcassets in Resources */ = {isa = PBXBuildFile; fileRef = 1645CEE32BB492E000AE144A /* Assets.xcassets */; };
		1645CEF12BB494B600AE144A /* HomeVC.swift in Sources */ = {isa = PBXBuildFile; fileRef = 1645CEF02BB494B600AE144A /* HomeVC.swift */; };
		1645CEF32BB494D900AE144A /* SearchVC.swift in Sources */ = {isa = PBXBuildFile; fileRef = 1645CEF22BB494D900AE144A /* SearchVC.swift */; };
		1645CEF52BB494F200AE144A /* DownloadsVC.swift in Sources */ = {isa = PBXBuildFile; fileRef = 1645CEF42BB494F200AE144A /* DownloadsVC.swift */; };
		1645CEFC2BB49C3200AE144A /* CollectionViewTableViewCell.swift in Sources */ = {isa = PBXBuildFile; fileRef = 1645CEFB2BB49C3200AE144A /* CollectionViewTableViewCell.swift */; };
		1645CEFE2BB4A0BD00AE144A /* HeroHeaderUIView.swift in Sources */ = {isa = PBXBuildFile; fileRef = 1645CEFD2BB4A0BD00AE144A /* HeroHeaderUIView.swift */; };
		1645CF002BB588B900AE144A /* APICaller.swift in Sources */ = {isa = PBXBuildFile; fileRef = 1645CEFF2BB588B900AE144A /* APICaller.swift */; };
		1645CF022BB593BE00AE144A /* Movie.swift in Sources */ = {isa = PBXBuildFile; fileRef = 1645CF012BB593BE00AE144A /* Movie.swift */; };
		1645CF042BB5D63700AE144A /* Extentions.swift in Sources */ = {isa = PBXBuildFile; fileRef = 1645CF032BB5D63700AE144A /* Extentions.swift */; };
		1645CF082BB5D98500AE144A /* TitleCollectionViewCell.swift in Sources */ = {isa = PBXBuildFile; fileRef = 1645CF072BB5D98500AE144A /* TitleCollectionViewCell.swift */; };
		1645CF0B2BB5DDD200AE144A /* SDWebImage in Frameworks */ = {isa = PBXBuildFile; productRef = 1645CF0A2BB5DDD200AE144A /* SDWebImage */; };
		1645CF0D2BB5DDD200AE144A /* SDWebImageMapKit in Frameworks */ = {isa = PBXBuildFile; productRef = 1645CF0C2BB5DDD200AE144A /* SDWebImageMapKit */; };
		1645CF0F2BB5E54800AE144A /* UpcomingVC.swift in Sources */ = {isa = PBXBuildFile; fileRef = 1645CF0E2BB5E54800AE144A /* UpcomingVC.swift */; };
		1645CF112BB5EA1200AE144A /* TitleTableViewCell.swift in Sources */ = {isa = PBXBuildFile; fileRef = 1645CF102BB5EA1200AE144A /* TitleTableViewCell.swift */; };
		1645CF132BB5ECA900AE144A /* TitleViewModel.swift in Sources */ = {isa = PBXBuildFile; fileRef = 1645CF122BB5ECA900AE144A /* TitleViewModel.swift */; };
		1645CF162BB5F4DB00AE144A /* SearchResultViewController.swift in Sources */ = {isa = PBXBuildFile; fileRef = 1645CF152BB5F4DB00AE144A /* SearchResultViewController.swift */; };
		1645CF192BB5FD2300AE144A /* YouTubeSearchResponse.swift in Sources */ = {isa = PBXBuildFile; fileRef = 1645CF182BB5FD2300AE144A /* YouTubeSearchResponse.swift */; };
		1645CF1B2BB5FE6B00AE144A /* TitlePreviewViewController.swift in Sources */ = {isa = PBXBuildFile; fileRef = 1645CF1A2BB5FE6B00AE144A /* TitlePreviewViewController.swift */; };
		1645CF1D2BB6001800AE144A /* TitlePreviewViewModel.swift in Sources */ = {isa = PBXBuildFile; fileRef = 1645CF1C2BB6001800AE144A /* TitlePreviewViewModel.swift */; };
		1645CF1F2BB6442C00AE144A /* DataPersistenceManager.swift in Sources */ = {isa = PBXBuildFile; fileRef = 1645CF1E2BB6442C00AE144A /* DataPersistenceManager.swift */; };
		1645CF222BB644F400AE144A /* KurdRatingModel.xcdatamodeld in Sources */ = {isa = PBXBuildFile; fileRef = 1645CF202BB644F400AE144A /* KurdRatingModel.xcdatamodeld */; };
/* End PBXBuildFile section */

/* Begin PBXFileReference section */
		1645CED72BB492DF00AE144A /* KurdRating.app */ = {isa = PBXFileReference; explicitFileType = wrapper.application; includeInIndex = 0; path = KurdRating.app; sourceTree = BUILT_PRODUCTS_DIR; };
		1645CEDA2BB492DF00AE144A /* AppDelegate.swift */ = {isa = PBXFileReference; lastKnownFileType = sourcecode.swift; path = AppDelegate.swift; sourceTree = "<group>"; };
		1645CEDC2BB492DF00AE144A /* SceneDelegate.swift */ = {isa = PBXFileReference; lastKnownFileType = sourcecode.swift; path = SceneDelegate.swift; sourceTree = "<group>"; };
		1645CEDE2BB492DF00AE144A /* MainTapBarViewController.swift */ = {isa = PBXFileReference; lastKnownFileType = sourcecode.swift; path = MainTapBarViewController.swift; sourceTree = "<group>"; };
		1645CEE32BB492E000AE144A /* Assets.xcassets */ = {isa = PBXFileReference; lastKnownFileType = folder.assetcatalog; path = Assets.xcassets; sourceTree = "<group>"; };
		1645CEE82BB492E000AE144A /* Info.plist */ = {isa = PBXFileReference; lastKnownFileType = text.plist.xml; path = Info.plist; sourceTree = "<group>"; };
		1645CEF02BB494B600AE144A /* HomeVC.swift */ = {isa = PBXFileReference; lastKnownFileType = sourcecode.swift; path = HomeVC.swift; sourceTree = "<group>"; };
		1645CEF22BB494D900AE144A /* SearchVC.swift */ = {isa = PBXFileReference; lastKnownFileType = sourcecode.swift; path = SearchVC.swift; sourceTree = "<group>"; };
		1645CEF42BB494F200AE144A /* DownloadsVC.swift */ = {isa = PBXFileReference; lastKnownFileType = sourcecode.swift; path = DownloadsVC.swift; sourceTree = "<group>"; };
		1645CEFB2BB49C3200AE144A /* CollectionViewTableViewCell.swift */ = {isa = PBXFileReference; lastKnownFileType = sourcecode.swift; path = CollectionViewTableViewCell.swift; sourceTree = "<group>"; };
		1645CEFD2BB4A0BD00AE144A /* HeroHeaderUIView.swift */ = {isa = PBXFileReference; lastKnownFileType = sourcecode.swift; path = HeroHeaderUIView.swift; sourceTree = "<group>"; };
		1645CEFF2BB588B900AE144A /* APICaller.swift */ = {isa = PBXFileReference; lastKnownFileType = sourcecode.swift; path = APICaller.swift; sourceTree = "<group>"; };
		1645CF012BB593BE00AE144A /* Movie.swift */ = {isa = PBXFileReference; lastKnownFileType = sourcecode.swift; path = Movie.swift; sourceTree = "<group>"; };
		1645CF032BB5D63700AE144A /* Extentions.swift */ = {isa = PBXFileReference; lastKnownFileType = sourcecode.swift; path = Extentions.swift; sourceTree = "<group>"; };
		1645CF072BB5D98500AE144A /* TitleCollectionViewCell.swift */ = {isa = PBXFileReference; lastKnownFileType = sourcecode.swift; path = TitleCollectionViewCell.swift; sourceTree = "<group>"; };
		1645CF0E2BB5E54800AE144A /* UpcomingVC.swift */ = {isa = PBXFileReference; lastKnownFileType = sourcecode.swift; path = UpcomingVC.swift; sourceTree = "<group>"; };
		1645CF102BB5EA1200AE144A /* TitleTableViewCell.swift */ = {isa = PBXFileReference; lastKnownFileType = sourcecode.swift; path = TitleTableViewCell.swift; sourceTree = "<group>"; };
		1645CF122BB5ECA900AE144A /* TitleViewModel.swift */ = {isa = PBXFileReference; lastKnownFileType = sourcecode.swift; path = TitleViewModel.swift; sourceTree = "<group>"; };
		1645CF152BB5F4DB00AE144A /* SearchResultViewController.swift */ = {isa = PBXFileReference; lastKnownFileType = sourcecode.swift; path = SearchResultViewController.swift; sourceTree = "<group>"; };
		1645CF182BB5FD2300AE144A /* YouTubeSearchResponse.swift */ = {isa = PBXFileReference; lastKnownFileType = sourcecode.swift; path = YouTubeSearchResponse.swift; sourceTree = "<group>"; };
		1645CF1A2BB5FE6B00AE144A /* TitlePreviewViewController.swift */ = {isa = PBXFileReference; lastKnownFileType = sourcecode.swift; path = TitlePreviewViewController.swift; sourceTree = "<group>"; };
		1645CF1C2BB6001800AE144A /* TitlePreviewViewModel.swift */ = {isa = PBXFileReference; lastKnownFileType = sourcecode.swift; path = TitlePreviewViewModel.swift; sourceTree = "<group>"; };
		1645CF1E2BB6442C00AE144A /* DataPersistenceManager.swift */ = {isa = PBXFileReference; lastKnownFileType = sourcecode.swift; path = DataPersistenceManager.swift; sourceTree = "<group>"; };
		1645CF212BB644F400AE144A /* KurdRatingModel.xcdatamodel */ = {isa = PBXFileReference; lastKnownFileType = wrapper.xcdatamodel; path = KurdRatingModel.xcdatamodel; sourceTree = "<group>"; };
/* End PBXFileReference section */

/* Begin PBXFrameworksBuildPhase section */
		1645CED42BB492DF00AE144A /* Frameworks */ = {
			isa = PBXFrameworksBuildPhase;
			buildActionMask = 2147483647;
			files = (
				1645CF0D2BB5DDD200AE144A /* SDWebImageMapKit in Frameworks */,
				1645CF0B2BB5DDD200AE144A /* SDWebImage in Frameworks */,
			);
			runOnlyForDeploymentPostprocessing = 0;
		};
/* End PBXFrameworksBuildPhase section */

/* Begin PBXGroup section */
		1645CECE2BB492DF00AE144A = {
			isa = PBXGroup;
			children = (
				1645CED92BB492DF00AE144A /* KurdRating */,
				1645CED82BB492DF00AE144A /* Products */,
			);
			sourceTree = "<group>";
		};
		1645CED82BB492DF00AE144A /* Products */ = {
			isa = PBXGroup;
			children = (
				1645CED72BB492DF00AE144A /* KurdRating.app */,
			);
			name = Products;
			sourceTree = "<group>";
		};
		1645CED92BB492DF00AE144A /* KurdRating */ = {
			isa = PBXGroup;
			children = (
				1645CEFA2BB49C0600AE144A /* Managers */,
				1645CEF92BB49BFD00AE144A /* Resources */,
				1645CEF82BB49BEC00AE144A /* Models */,
				1645CEF72BB49BDE00AE144A /* ViewModels */,
				1645CEF62BB49BD800AE144A /* Views */,
				1645CEEF2BB4947F00AE144A /* ViewControllers */,
				1645CEEE2BB4946700AE144A /* Support */,
				1645CEDE2BB492DF00AE144A /* MainTapBarViewController.swift */,
				1645CEE32BB492E000AE144A /* Assets.xcassets */,
				1645CEE82BB492E000AE144A /* Info.plist */,
				1645CF202BB644F400AE144A /* KurdRatingModel.xcdatamodeld */,
			);
			path = KurdRating;
			sourceTree = "<group>";
		};
		1645CEEE2BB4946700AE144A /* Support */ = {
			isa = PBXGroup;
			children = (
				1645CEDA2BB492DF00AE144A /* AppDelegate.swift */,
				1645CEDC2BB492DF00AE144A /* SceneDelegate.swift */,
			);
			path = Support;
			sourceTree = "<group>";
		};
		1645CEEF2BB4947F00AE144A /* ViewControllers */ = {
			isa = PBXGroup;
			children = (
				1645CF172BB5F4F600AE144A /* General */,
				1645CF142BB5F4B400AE144A /* Core */,
			);
			path = ViewControllers;
			sourceTree = "<group>";
		};
		1645CEF62BB49BD800AE144A /* Views */ = {
			isa = PBXGroup;
			children = (
				1645CEFB2BB49C3200AE144A /* CollectionViewTableViewCell.swift */,
				1645CEFD2BB4A0BD00AE144A /* HeroHeaderUIView.swift */,
				1645CF072BB5D98500AE144A /* TitleCollectionViewCell.swift */,
				1645CF102BB5EA1200AE144A /* TitleTableViewCell.swift */,
			);
			path = Views;
			sourceTree = "<group>";
		};
		1645CEF72BB49BDE00AE144A /* ViewModels */ = {
			isa = PBXGroup;
			children = (
				1645CF122BB5ECA900AE144A /* TitleViewModel.swift */,
				1645CF182BB5FD2300AE144A /* YouTubeSearchResponse.swift */,
				1645CF1C2BB6001800AE144A /* TitlePreviewViewModel.swift */,
			);
			path = ViewModels;
			sourceTree = "<group>";
		};
		1645CEF82BB49BEC00AE144A /* Models */ = {
			isa = PBXGroup;
			children = (
				1645CF012BB593BE00AE144A /* Movie.swift */,
			);
			path = Models;
			sourceTree = "<group>";
		};
		1645CEF92BB49BFD00AE144A /* Resources */ = {
			isa = PBXGroup;
			children = (
				1645CF032BB5D63700AE144A /* Extentions.swift */,
			);
			path = Resources;
			sourceTree = "<group>";
		};
		1645CEFA2BB49C0600AE144A /* Managers */ = {
			isa = PBXGroup;
			children = (
				1645CEFF2BB588B900AE144A /* APICaller.swift */,
				1645CF1E2BB6442C00AE144A /* DataPersistenceManager.swift */,
			);
			path = Managers;
			sourceTree = "<group>";
		};
		1645CF142BB5F4B400AE144A /* Core */ = {
			isa = PBXGroup;
			children = (
				1645CEF02BB494B600AE144A /* HomeVC.swift */,
				1645CEF22BB494D900AE144A /* SearchVC.swift */,
				1645CEF42BB494F200AE144A /* DownloadsVC.swift */,
				1645CF0E2BB5E54800AE144A /* UpcomingVC.swift */,
			);
			path = Core;
			sourceTree = "<group>";
		};
		1645CF172BB5F4F600AE144A /* General */ = {
			isa = PBXGroup;
			children = (
				1645CF152BB5F4DB00AE144A /* SearchResultViewController.swift */,
				1645CF1A2BB5FE6B00AE144A /* TitlePreviewViewController.swift */,
			);
			path = General;
			sourceTree = "<group>";
		};
/* End PBXGroup section */

/* Begin PBXNativeTarget section */
		1645CED62BB492DF00AE144A /* KurdRating */ = {
			isa = PBXNativeTarget;
			buildConfigurationList = 1645CEEB2BB492E000AE144A /* Build configuration list for PBXNativeTarget "KurdRating" */;
			buildPhases = (
				1645CED32BB492DF00AE144A /* Sources */,
				1645CED42BB492DF00AE144A /* Frameworks */,
				1645CED52BB492DF00AE144A /* Resources */,
			);
			buildRules = (
			);
			dependencies = (
			);
			name = KurdRating;
			packageProductDependencies = (
				1645CF0A2BB5DDD200AE144A /* SDWebImage */,
				1645CF0C2BB5DDD200AE144A /* SDWebImageMapKit */,
			);
			productName = KurdRating;
			productReference = 1645CED72BB492DF00AE144A /* KurdRating.app */;
			productType = "com.apple.product-type.application";
		};
/* End PBXNativeTarget section */

/* Begin PBXProject section */
		1645CECF2BB492DF00AE144A /* Project object */ = {
			isa = PBXProject;
			attributes = {
				BuildIndependentTargetsInParallel = 1;
				LastSwiftUpdateCheck = 1520;
				LastUpgradeCheck = 1520;
				TargetAttributes = {
					1645CED62BB492DF00AE144A = {
						CreatedOnToolsVersion = 15.2;
					};
				};
			};
			buildConfigurationList = 1645CED22BB492DF00AE144A /* Build configuration list for PBXProject "KurdRating" */;
			compatibilityVersion = "Xcode 14.0";
			developmentRegion = en;
			hasScannedForEncodings = 0;
			knownRegions = (
				en,
				Base,
			);
			mainGroup = 1645CECE2BB492DF00AE144A;
			packageReferences = (
				1645CF092BB5DDD200AE144A /* XCRemoteSwiftPackageReference "SDWebImage" */,
			);
			productRefGroup = 1645CED82BB492DF00AE144A /* Products */;
			projectDirPath = "";
			projectRoot = "";
			targets = (
				1645CED62BB492DF00AE144A /* KurdRating */,
			);
		};
/* End PBXProject section */

/* Begin PBXResourcesBuildPhase section */
		1645CED52BB492DF00AE144A /* Resources */ = {
			isa = PBXResourcesBuildPhase;
			buildActionMask = 2147483647;
			files = (
				1645CEE42BB492E000AE144A /* Assets.xcassets in Resources */,
			);
			runOnlyForDeploymentPostprocessing = 0;
		};
/* End PBXResourcesBuildPhase section */

/* Begin PBXSourcesBuildPhase section */
		1645CED32BB492DF00AE144A /* Sources */ = {
			isa = PBXSourcesBuildPhase;
			buildActionMask = 2147483647;
			files = (
				1645CF112BB5EA1200AE144A /* TitleTableViewCell.swift in Sources */,
				1645CEF52BB494F200AE144A /* DownloadsVC.swift in Sources */,
				1645CEFE2BB4A0BD00AE144A /* HeroHeaderUIView.swift in Sources */,
				1645CF0F2BB5E54800AE144A /* UpcomingVC.swift in Sources */,
				1645CEDF2BB492DF00AE144A /* MainTapBarViewController.swift in Sources */,
				1645CF042BB5D63700AE144A /* Extentions.swift in Sources */,
				1645CEF32BB494D900AE144A /* SearchVC.swift in Sources */,
				1645CF022BB593BE00AE144A /* Movie.swift in Sources */,
				1645CF002BB588B900AE144A /* APICaller.swift in Sources */,
				1645CF1F2BB6442C00AE144A /* DataPersistenceManager.swift in Sources */,
				1645CEFC2BB49C3200AE144A /* CollectionViewTableViewCell.swift in Sources */,
				1645CEF12BB494B600AE144A /* HomeVC.swift in Sources */,
				1645CF192BB5FD2300AE144A /* YouTubeSearchResponse.swift in Sources */,
				1645CF082BB5D98500AE144A /* TitleCollectionViewCell.swift in Sources */,
				1645CF1D2BB6001800AE144A /* TitlePreviewViewModel.swift in Sources */,
				1645CEDB2BB492DF00AE144A /* AppDelegate.swift in Sources */,
				1645CF222BB644F400AE144A /* KurdRatingModel.xcdatamodeld in Sources */,
				1645CF1B2BB5FE6B00AE144A /* TitlePreviewViewController.swift in Sources */,
				1645CEDD2BB492DF00AE144A /* SceneDelegate.swift in Sources */,
				1645CF162BB5F4DB00AE144A /* SearchResultViewController.swift in Sources */,
				1645CF132BB5ECA900AE144A /* TitleViewModel.swift in Sources */,
			);
			runOnlyForDeploymentPostprocessing = 0;
		};
/* End PBXSourcesBuildPhase section */

/* Begin XCBuildConfiguration section */
		1645CEE92BB492E000AE144A /* Debug */ = {
			isa = XCBuildConfiguration;
			buildSettings = {
				ALWAYS_SEARCH_USER_PATHS = NO;
				ASSETCATALOG_COMPILER_GENERATE_SWIFT_ASSET_SYMBOL_EXTENSIONS = YES;
				CLANG_ANALYZER_NONNULL = YES;
				CLANG_ANALYZER_NUMBER_OBJECT_CONVERSION = YES_AGGRESSIVE;
				CLANG_CXX_LANGUAGE_STANDARD = "gnu++20";
				CLANG_ENABLE_MODULES = YES;
				CLANG_ENABLE_OBJC_ARC = YES;
				CLANG_ENABLE_OBJC_WEAK = YES;
				CLANG_WARN_BLOCK_CAPTURE_AUTORELEASING = YES;
				CLANG_WARN_BOOL_CONVERSION = YES;
				CLANG_WARN_COMMA = YES;
				CLANG_WARN_CONSTANT_CONVERSION = YES;
				CLANG_WARN_DEPRECATED_OBJC_IMPLEMENTATIONS = YES;
				CLANG_WARN_DIRECT_OBJC_ISA_USAGE = YES_ERROR;
				CLANG_WARN_DOCUMENTATION_COMMENTS = YES;
				CLANG_WARN_EMPTY_BODY = YES;
				CLANG_WARN_ENUM_CONVERSION = YES;
				CLANG_WARN_INFINITE_RECURSION = YES;
				CLANG_WARN_INT_CONVERSION = YES;
				CLANG_WARN_NON_LITERAL_NULL_CONVERSION = YES;
				CLANG_WARN_OBJC_IMPLICIT_RETAIN_SELF = YES;
				CLANG_WARN_OBJC_LITERAL_CONVERSION = YES;
				CLANG_WARN_OBJC_ROOT_CLASS = YES_ERROR;
				CLANG_WARN_QUOTED_INCLUDE_IN_FRAMEWORK_HEADER = YES;
				CLANG_WARN_RANGE_LOOP_ANALYSIS = YES;
				CLANG_WARN_STRICT_PROTOTYPES = YES;
				CLANG_WARN_SUSPICIOUS_MOVE = YES;
				CLANG_WARN_UNGUARDED_AVAILABILITY = YES_AGGRESSIVE;
				CLANG_WARN_UNREACHABLE_CODE = YES;
				CLANG_WARN__DUPLICATE_METHOD_MATCH = YES;
				COPY_PHASE_STRIP = NO;
				DEBUG_INFORMATION_FORMAT = dwarf;
				ENABLE_STRICT_OBJC_MSGSEND = YES;
				ENABLE_TESTABILITY = YES;
				ENABLE_USER_SCRIPT_SANDBOXING = YES;
				GCC_C_LANGUAGE_STANDARD = gnu17;
				GCC_DYNAMIC_NO_PIC = NO;
				GCC_NO_COMMON_BLOCKS = YES;
				GCC_OPTIMIZATION_LEVEL = 0;
				GCC_PREPROCESSOR_DEFINITIONS = (
					"DEBUG=1",
					"$(inherited)",
				);
				GCC_WARN_64_TO_32_BIT_CONVERSION = YES;
				GCC_WARN_ABOUT_RETURN_TYPE = YES_ERROR;
				GCC_WARN_UNDECLARED_SELECTOR = YES;
				GCC_WARN_UNINITIALIZED_AUTOS = YES_AGGRESSIVE;
				GCC_WARN_UNUSED_FUNCTION = YES;
				GCC_WARN_UNUSED_VARIABLE = YES;
				IPHONEOS_DEPLOYMENT_TARGET = 17.2;
				LOCALIZATION_PREFERS_STRING_CATALOGS = YES;
				MTL_ENABLE_DEBUG_INFO = INCLUDE_SOURCE;
				MTL_FAST_MATH = YES;
				ONLY_ACTIVE_ARCH = YES;
				SDKROOT = iphoneos;
				SWIFT_ACTIVE_COMPILATION_CONDITIONS = "DEBUG $(inherited)";
				SWIFT_OPTIMIZATION_LEVEL = "-Onone";
			};
			name = Debug;
		};
		1645CEEA2BB492E000AE144A /* Release */ = {
			isa = XCBuildConfiguration;
			buildSettings = {
				ALWAYS_SEARCH_USER_PATHS = NO;
				ASSETCATALOG_COMPILER_GENERATE_SWIFT_ASSET_SYMBOL_EXTENSIONS = YES;
				CLANG_ANALYZER_NONNULL = YES;
				CLANG_ANALYZER_NUMBER_OBJECT_CONVERSION = YES_AGGRESSIVE;
				CLANG_CXX_LANGUAGE_STANDARD = "gnu++20";
				CLANG_ENABLE_MODULES = YES;
				CLANG_ENABLE_OBJC_ARC = YES;
				CLANG_ENABLE_OBJC_WEAK = YES;
				CLANG_WARN_BLOCK_CAPTURE_AUTORELEASING = YES;
				CLANG_WARN_BOOL_CONVERSION = YES;
				CLANG_WARN_COMMA = YES;
				CLANG_WARN_CONSTANT_CONVERSION = YES;
				CLANG_WARN_DEPRECATED_OBJC_IMPLEMENTATIONS = YES;
				CLANG_WARN_DIRECT_OBJC_ISA_USAGE = YES_ERROR;
				CLANG_WARN_DOCUMENTATION_COMMENTS = YES;
				CLANG_WARN_EMPTY_BODY = YES;
				CLANG_WARN_ENUM_CONVERSION = YES;
				CLANG_WARN_INFINITE_RECURSION = YES;
				CLANG_WARN_INT_CONVERSION = YES;
				CLANG_WARN_NON_LITERAL_NULL_CONVERSION = YES;
				CLANG_WARN_OBJC_IMPLICIT_RETAIN_SELF = YES;
				CLANG_WARN_OBJC_LITERAL_CONVERSION = YES;
				CLANG_WARN_OBJC_ROOT_CLASS = YES_ERROR;
				CLANG_WARN_QUOTED_INCLUDE_IN_FRAMEWORK_HEADER = YES;
				CLANG_WARN_RANGE_LOOP_ANALYSIS = YES;
				CLANG_WARN_STRICT_PROTOTYPES = YES;
				CLANG_WARN_SUSPICIOUS_MOVE = YES;
				CLANG_WARN_UNGUARDED_AVAILABILITY = YES_AGGRESSIVE;
				CLANG_WARN_UNREACHABLE_CODE = YES;
				CLANG_WARN__DUPLICATE_METHOD_MATCH = YES;
				COPY_PHASE_STRIP = NO;
				DEBUG_INFORMATION_FORMAT = "dwarf-with-dsym";
				ENABLE_NS_ASSERTIONS = NO;
				ENABLE_STRICT_OBJC_MSGSEND = YES;
				ENABLE_USER_SCRIPT_SANDBOXING = YES;
				GCC_C_LANGUAGE_STANDARD = gnu17;
				GCC_NO_COMMON_BLOCKS = YES;
				GCC_WARN_64_TO_32_BIT_CONVERSION = YES;
				GCC_WARN_ABOUT_RETURN_TYPE = YES_ERROR;
				GCC_WARN_UNDECLARED_SELECTOR = YES;
				GCC_WARN_UNINITIALIZED_AUTOS = YES_AGGRESSIVE;
				GCC_WARN_UNUSED_FUNCTION = YES;
				GCC_WARN_UNUSED_VARIABLE = YES;
				IPHONEOS_DEPLOYMENT_TARGET = 17.2;
				LOCALIZATION_PREFERS_STRING_CATALOGS = YES;
				MTL_ENABLE_DEBUG_INFO = NO;
				MTL_FAST_MATH = YES;
				SDKROOT = iphoneos;
				SWIFT_COMPILATION_MODE = wholemodule;
				VALIDATE_PRODUCT = YES;
			};
			name = Release;
		};
		1645CEEC2BB492E000AE144A /* Debug */ = {
			isa = XCBuildConfiguration;
			buildSettings = {
				ASSETCATALOG_COMPILER_APPICON_NAME = AppIcon;
				ASSETCATALOG_COMPILER_GLOBAL_ACCENT_COLOR_NAME = AccentColor;
				CODE_SIGN_STYLE = Automatic;
				CURRENT_PROJECT_VERSION = 1;
				GENERATE_INFOPLIST_FILE = YES;
				INFOPLIST_FILE = KurdRating/Info.plist;
				INFOPLIST_KEY_UIApplicationSupportsIndirectInputEvents = YES;
				INFOPLIST_KEY_UILaunchStoryboardName = LaunchScreen;
				INFOPLIST_KEY_UISupportedInterfaceOrientations_iPad = "UIInterfaceOrientationPortrait UIInterfaceOrientationPortraitUpsideDown UIInterfaceOrientationLandscapeLeft UIInterfaceOrientationLandscapeRight";
				INFOPLIST_KEY_UISupportedInterfaceOrientations_iPhone = "UIInterfaceOrientationPortrait UIInterfaceOrientationLandscapeLeft UIInterfaceOrientationLandscapeRight";
				IPHONEOS_DEPLOYMENT_TARGET = 15.0;
				LD_RUNPATH_SEARCH_PATHS = (
					"$(inherited)",
					"@executable_path/Frameworks",
				);
				MARKETING_VERSION = 1.0;
				PRODUCT_BUNDLE_IDENTIFIER = Ceviop.inc.KurdRating;
				PRODUCT_NAME = "$(TARGET_NAME)";
				SWIFT_EMIT_LOC_STRINGS = YES;
				SWIFT_VERSION = 5.0;
				TARGETED_DEVICE_FAMILY = "1,2";
			};
			name = Debug;
		};
		1645CEED2BB492E000AE144A /* Release */ = {
			isa = XCBuildConfiguration;
			buildSettings = {
				ASSETCATALOG_COMPILER_APPICON_NAME = AppIcon;
				ASSETCATALOG_COMPILER_GLOBAL_ACCENT_COLOR_NAME = AccentColor;
				CODE_SIGN_STYLE = Automatic;
				CURRENT_PROJECT_VERSION = 1;
				GENERATE_INFOPLIST_FILE = YES;
				INFOPLIST_FILE = KurdRating/Info.plist;
				INFOPLIST_KEY_UIApplicationSupportsIndirectInputEvents = YES;
				INFOPLIST_KEY_UILaunchStoryboardName = LaunchScreen;
				INFOPLIST_KEY_UISupportedInterfaceOrientations_iPad = "UIInterfaceOrientationPortrait UIInterfaceOrientationPortraitUpsideDown UIInterfaceOrientationLandscapeLeft UIInterfaceOrientationLandscapeRight";
				INFOPLIST_KEY_UISupportedInterfaceOrientations_iPhone = "UIInterfaceOrientationPortrait UIInterfaceOrientationLandscapeLeft UIInterfaceOrientationLandscapeRight";
				IPHONEOS_DEPLOYMENT_TARGET = 15.0;
				LD_RUNPATH_SEARCH_PATHS = (
					"$(inherited)",
					"@executable_path/Frameworks",
				);
				MARKETING_VERSION = 1.0;
				PRODUCT_BUNDLE_IDENTIFIER = Ceviop.inc.KurdRating;
				PRODUCT_NAME = "$(TARGET_NAME)";
				SWIFT_EMIT_LOC_STRINGS = YES;
				SWIFT_VERSION = 5.0;
				TARGETED_DEVICE_FAMILY = "1,2";
			};
			name = Release;
		};
/* End XCBuildConfiguration section */

/* Begin XCConfigurationList section */
		1645CED22BB492DF00AE144A /* Build configuration list for PBXProject "KurdRating" */ = {
			isa = XCConfigurationList;
			buildConfigurations = (
				1645CEE92BB492E000AE144A /* Debug */,
				1645CEEA2BB492E000AE144A /* Release */,
			);
			defaultConfigurationIsVisible = 0;
			defaultConfigurationName = Release;
		};
		1645CEEB2BB492E000AE144A /* Build configuration list for PBXNativeTarget "KurdRating" */ = {
			isa = XCConfigurationList;
			buildConfigurations = (
				1645CEEC2BB492E000AE144A /* Debug */,
				1645CEED2BB492E000AE144A /* Release */,
			);
			defaultConfigurationIsVisible = 0;
			defaultConfigurationName = Release;
		};
/* End XCConfigurationList section */

/* Begin XCRemoteSwiftPackageReference section */
		1645CF092BB5DDD200AE144A /* XCRemoteSwiftPackageReference "SDWebImage" */ = {
			isa = XCRemoteSwiftPackageReference;
			repositoryURL = "https://github.com/SDWebImage/SDWebImage.git";
			requirement = {
				kind = upToNextMajorVersion;
				minimumVersion = 5.19.1;
			};
		};
/* End XCRemoteSwiftPackageReference section */

/* Begin XCSwiftPackageProductDependency section */
		1645CF0A2BB5DDD200AE144A /* SDWebImage */ = {
			isa = XCSwiftPackageProductDependency;
			package = 1645CF092BB5DDD200AE144A /* XCRemoteSwiftPackageReference "SDWebImage" */;
			productName = SDWebImage;
		};
		1645CF0C2BB5DDD200AE144A /* SDWebImageMapKit */ = {
			isa = XCSwiftPackageProductDependency;
			package = 1645CF092BB5DDD200AE144A /* XCRemoteSwiftPackageReference "SDWebImage" */;
			productName = SDWebImageMapKit;
		};
/* End XCSwiftPackageProductDependency section */

/* Begin XCVersionGroup section */
		1645CF202BB644F400AE144A /* KurdRatingModel.xcdatamodeld */ = {
			isa = XCVersionGroup;
			children = (
				1645CF212BB644F400AE144A /* KurdRatingModel.xcdatamodel */,
			);
			currentVersion = 1645CF212BB644F400AE144A /* KurdRatingModel.xcdatamodel */;
			path = KurdRatingModel.xcdatamodeld;
			sourceTree = "<group>";
			versionGroupType = wrapper.xcdatamodel;
		};
/* End XCVersionGroup section */
	};
	rootObject = 1645CECF2BB492DF00AE144A /* Project object */;
}
